
Microsoft Visual Studio Solution File, Format Version 12.00
# Visual Studio Version 17
VisualStudioVersion = 17.0.31903.59
MinimumVisualStudioVersion = 10.0.40219.1
Project("{9A19103F-16F7-4668-BE54-9A1E7A4F7556}") = "Matroos.Resources", "src\Matroos.Resources\Matroos.Resources.csproj", "{F3470BF4-832A-4B7F-B2E5-E5FB3A81D4EF}"
EndProject
Project("{9A19103F-16F7-4668-BE54-9A1E7A4F7556}") = "Matroos.Resources.Tests", "tests\Matroos.Resources.Tests\Matroos.Resources.Tests.csproj", "{5536CD65-FF88-41CF-839A-2D5E765F765B}"
EndProject
Project("{2150E333-8FDC-42A3-9474-1A3956D46DE8}") = "src", "src", "{4D89D1B5-50BF-460E-B17A-E2B9480AC016}"
EndProject
Project("{2150E333-8FDC-42A3-9474-1A3956D46DE8}") = "tests", "tests", "{D4596D37-BFDF-4C94-89E5-A4B723ED8AAB}"
EndProject
Global
	GlobalSection(SolutionConfigurationPlatforms) = preSolution
		Debug|Any CPU = Debug|Any CPU
		Release|Any CPU = Release|Any CPU
	EndGlobalSection
	GlobalSection(ProjectConfigurationPlatforms) = postSolution
		{F3470BF4-832A-4B7F-B2E5-E5FB3A81D4EF}.Debug|Any CPU.ActiveCfg = Debug|Any CPU
		{F3470BF4-832A-4B7F-B2E5-E5FB3A81D4EF}.Debug|Any CPU.Build.0 = Debug|Any CPU
		{F3470BF4-832A-4B7F-B2E5-E5FB3A81D4EF}.Release|Any CPU.ActiveCfg = Release|Any CPU
		{F3470BF4-832A-4B7F-B2E5-E5FB3A81D4EF}.Release|Any CPU.Build.0 = Release|Any CPU
		{5536CD65-FF88-41CF-839A-2D5E765F765B}.Debug|Any CPU.ActiveCfg = Debug|Any CPU
		{5536CD65-FF88-41CF-839A-2D5E765F765B}.Debug|Any CPU.Build.0 = Debug|Any CPU
		{5536CD65-FF88-41CF-839A-2D5E765F765B}.Release|Any CPU.ActiveCfg = Release|Any CPU
		{5536CD65-FF88-41CF-839A-2D5E765F765B}.Release|Any CPU.Build.0 = Release|Any CPU
	EndGlobalSection
	GlobalSection(SolutionProperties) = preSolution
		HideSolutionNode = FALSE
	EndGlobalSection
	GlobalSection(NestedProjects) = preSolution
		{F3470BF4-832A-4B7F-B2E5-E5FB3A81D4EF} = {4D89D1B5-50BF-460E-B17A-E2B9480AC016}
		{5536CD65-FF88-41CF-839A-2D5E765F765B} = {D4596D37-BFDF-4C94-89E5-A4B723ED8AAB}
	EndGlobalSection
	GlobalSection(ExtensibilityGlobals) = postSolution
		SolutionGuid = {B2B8EBC9-FFEE-47E4-B62B-1D913143C448}
	EndGlobalSection
EndGlobal
